
Microsoft Visual Studio Solution File, Format Version 12.00
# Visual Studio Version 17
VisualStudioVersion = 17.10.34607.79
MinimumVisualStudioVersion = 10.0.40219.1
Project("{2150E333-8FDC-42A3-9474-1A3956D46DE8}") = "Solution Items", "Solution Items", "{6163DCF7-1166-476F-AF4F-6A5B723F6085}"
	ProjectSection(SolutionItems) = preProject
		.editorconfig = .editorconfig
		.gitignore = .gitignore
		LICENSE = LICENSE
		README-zh_CN.md = README-zh_CN.md
		README.md = README.md
	EndProjectSection
EndProject
Project("{2150E333-8FDC-42A3-9474-1A3956D46DE8}") = "Applications", "Applications", "{844ACF80-B54A-4FDA-B6D6-00C3CC921508}"
EndProject
Project("{9A19103F-16F7-4668-BE54-9A1E7A4F7556}") = "CodeWF.Tools.Desktop", "src\CodeWF.Tools.Desktop\CodeWF.Tools.Desktop.csproj", "{C42BC0DE-AC63-4C94-A45A-BFA788C800DC}"
EndProject
Project("{2150E333-8FDC-42A3-9474-1A3956D46DE8}") = "Tests", "Tests", "{C7F43DE4-2C2F-4DE6-94CA-DBEEBC363BAF}"
EndProject
Project("{FAE04EC0-301F-11D3-BF4B-00C04F79EFBC}") = "ConsoleAotDemo", "tests\ConsoleAotDemo\ConsoleAotDemo.csproj", "{D9B43B89-23A9-4BC9-A7C9-4CD6A1617624}"
EndProject
Project("{FAE04EC0-301F-11D3-BF4B-00C04F79EFBC}") = "WinFormsAotDemo", "tests\WinFormsAotDemo\WinFormsAotDemo.csproj", "{D643B9FB-AE36-4727-8AFC-7248530E92CF}"
EndProject
Project("{FAE04EC0-301F-11D3-BF4B-00C04F79EFBC}") = "AvaloniaAotDemo", "tests\AvaloniaAotDemo\AvaloniaAotDemo.csproj", "{8B5C9399-0D84-428E-925E-D21C18EE0D68}"
EndProject
Global
	GlobalSection(SolutionConfigurationPlatforms) = preSolution
		Debug|Any CPU = Debug|Any CPU
		Release|Any CPU = Release|Any CPU
	EndGlobalSection
	GlobalSection(ProjectConfigurationPlatforms) = postSolution
		{C42BC0DE-AC63-4C94-A45A-BFA788C800DC}.Debug|Any CPU.ActiveCfg = Debug|Any CPU
		{C42BC0DE-AC63-4C94-A45A-BFA788C800DC}.Debug|Any CPU.Build.0 = Debug|Any CPU
		{C42BC0DE-AC63-4C94-A45A-BFA788C800DC}.Release|Any CPU.ActiveCfg = Release|Any CPU
		{C42BC0DE-AC63-4C94-A45A-BFA788C800DC}.Release|Any CPU.Build.0 = Release|Any CPU
		{D9B43B89-23A9-4BC9-A7C9-4CD6A1617624}.Debug|Any CPU.ActiveCfg = Debug|Any CPU
		{D9B43B89-23A9-4BC9-A7C9-4CD6A1617624}.Debug|Any CPU.Build.0 = Debug|Any CPU
		{D9B43B89-23A9-4BC9-A7C9-4CD6A1617624}.Release|Any CPU.ActiveCfg = Release|Any CPU
		{D9B43B89-23A9-4BC9-A7C9-4CD6A1617624}.Release|Any CPU.Build.0 = Release|Any CPU
		{D643B9FB-AE36-4727-8AFC-7248530E92CF}.Debug|Any CPU.ActiveCfg = Debug|Any CPU
		{D643B9FB-AE36-4727-8AFC-7248530E92CF}.Debug|Any CPU.Build.0 = Debug|Any CPU
		{D643B9FB-AE36-4727-8AFC-7248530E92CF}.Release|Any CPU.ActiveCfg = Release|Any CPU
		{D643B9FB-AE36-4727-8AFC-7248530E92CF}.Release|Any CPU.Build.0 = Release|Any CPU
		{8B5C9399-0D84-428E-925E-D21C18EE0D68}.Debug|Any CPU.ActiveCfg = Debug|Any CPU
		{8B5C9399-0D84-428E-925E-D21C18EE0D68}.Debug|Any CPU.Build.0 = Debug|Any CPU
		{8B5C9399-0D84-428E-925E-D21C18EE0D68}.Release|Any CPU.ActiveCfg = Release|Any CPU
		{8B5C9399-0D84-428E-925E-D21C18EE0D68}.Release|Any CPU.Build.0 = Release|Any CPU
	EndGlobalSection
	GlobalSection(SolutionProperties) = preSolution
		HideSolutionNode = FALSE
	EndGlobalSection
	GlobalSection(NestedProjects) = preSolution
		{C42BC0DE-AC63-4C94-A45A-BFA788C800DC} = {844ACF80-B54A-4FDA-B6D6-00C3CC921508}
		{D9B43B89-23A9-4BC9-A7C9-4CD6A1617624} = {C7F43DE4-2C2F-4DE6-94CA-DBEEBC363BAF}
		{D643B9FB-AE36-4727-8AFC-7248530E92CF} = {C7F43DE4-2C2F-4DE6-94CA-DBEEBC363BAF}
		{8B5C9399-0D84-428E-925E-D21C18EE0D68} = {C7F43DE4-2C2F-4DE6-94CA-DBEEBC363BAF}
	EndGlobalSection
	GlobalSection(ExtensibilityGlobals) = postSolution
		SolutionGuid = {47147C4F-8BF8-4E62-82C5-A5B969940F69}
	EndGlobalSection
EndGlobal
