<Solution>
  <Configurations>
    <Platform Name="Any CPU" />
    <Platform Name="x64" />
    <Platform Name="x86" />
  </Configurations>
  <Folder Name="/Infrastructures/">
    <Project Path="src/CodeWF.Controls/CodeWF.Controls.csproj">
      <Platform Solution="*|x64" Project="x64" />
      <Platform Solution="*|x86" Project="x86" />
    </Project>
    <Project Path="src/CodeWF.Core/CodeWF.Core.csproj">
      <Platform Solution="*|x64" Project="x64" />
      <Platform Solution="*|x86" Project="x86" />
    </Project>
    <Project Path="src/CodeWF.Modules.ToolFramework/CodeWF.Modules.ToolFramework.csproj">
      <Platform Solution="*|x64" Project="x64" />
      <Platform Solution="*|x86" Project="x86" />
    </Project>
  </Folder>
  <Folder Name="/Modules/">
    <Project Path="src/CodeWF.Modules.Converter/CodeWF.Modules.Converter.csproj">
      <Platform Solution="*|x64" Project="x64" />
      <Platform Solution="*|x86" Project="x86" />
    </Project>
    <Project Path="src/CodeWF.Modules.Data/CodeWF.Modules.Data.csproj">
      <Platform Solution="*|x64" Project="x64" />
      <Platform Solution="*|x86" Project="x86" />
    </Project>
    <Project Path="src/CodeWF.Modules.Development/CodeWF.Modules.Development.csproj">
      <Platform Solution="*|x64" Project="x64" />
      <Platform Solution="*|x86" Project="x86" />
    </Project>
    <Project Path="src/CodeWF.Modules.LogViewer/CodeWF.Modules.LogViewer.csproj">
      <Platform Solution="*|x64" Project="x64" />
      <Platform Solution="*|x86" Project="x86" />
    </Project>
    <Project Path="src/CodeWF.Modules.Math/CodeWF.Modules.Math.csproj">
      <Platform Solution="*|x64" Project="x64" />
      <Platform Solution="*|x86" Project="x86" />
    </Project>
    <Project Path="src/CodeWF.Modules.Measurement/CodeWF.Modules.Measurement.csproj">
      <Platform Solution="*|x64" Project="x64" />
      <Platform Solution="*|x86" Project="x86" />
    </Project>
    <Project Path="src/CodeWF.Modules.Media/CodeWF.Modules.Media.csproj">
      <Platform Solution="*|x64" Project="x64" />
      <Platform Solution="*|x86" Project="x86" />
    </Project>
    <Project Path="src/CodeWF.Modules.Network/CodeWF.Modules.Network.csproj">
      <Platform Solution="*|x64" Project="x64" />
      <Platform Solution="*|x86" Project="x86" />
    </Project>
    <Project Path="src/CodeWF.Modules.Security/CodeWF.Modules.Security.csproj">
      <Platform Solution="*|x64" Project="x64" />
      <Platform Solution="*|x86" Project="x86" />
    </Project>
    <Project Path="src/CodeWF.Modules.Text/CodeWF.Modules.Text.csproj">
      <Platform Solution="*|x64" Project="x64" />
      <Platform Solution="*|x86" Project="x86" />
    </Project>
    <Project Path="src/CodeWF.Modules.Web/CodeWF.Modules.Web.csproj">
      <Platform Solution="*|x64" Project="x64" />
      <Platform Solution="*|x86" Project="x86" />
    </Project>
    <Project Path="src/CodeWF.Modules.XmlTranslatorManager/CodeWF.Modules.XmlTranslatorManager.csproj">
      <Platform Solution="*|x64" Project="x64" />
      <Platform Solution="*|x86" Project="x86" />
    </Project>
  </Folder>
  <Folder Name="/Tests/">
    <Project Path="src/CodeWF.Toolbox.Tests/CodeWF.Toolbox.Tests.csproj">
      <Platform Solution="*|x64" Project="x64" />
      <Platform Solution="*|x86" Project="x86" />
    </Project>
  </Folder>
  <Folder Name="/Solution Items/">
    <File Path=".gitignore" />
    <File Path="Directory.Build.props" />
    <File Path="Directory.Packages.props" />
    <File Path="README.md" />
    <File Path="publish.bat" />
    <File Path="Publish.Common.pubxml" />
    <File Path="publishbase.bat" />
    <File Path="docs/Development.md" />
    <File Path="docs/XmlTranslatorManager.md" />
    <File Path="docs/assets/architecture.svg" />
    <File Path="docs/assets/module-lifecycle.svg" />
    <File Path="UpdateAssemblyVersion.ps1" />
    <File Path="UpdateLog.md" />
  </Folder>
  <Project Path="src/CodeWF.Toolbox/CodeWF.Toolbox.csproj">
    <Platform Solution="*|x64" Project="x64" />
    <Platform Solution="*|x86" Project="x86" />
  </Project>
</Solution>
