<Solution>
  <Configurations>
    <Platform Name="Any CPU" />
    <Platform Name="x64" />
    <Platform Name="x86" />
  </Configurations>
  <Folder Name="/Applications/">
    <Project Path="src/CodeWF.Toolbox.Desktop/CodeWF.Toolbox.Desktop.csproj">
      <Platform Solution="*|x64" Project="x64" />
      <Platform Solution="*|x86" Project="x86" />
    </Project>
    <Project Path="src/CodeWF.Toolbox/CodeWF.Toolbox.csproj">
      <Platform Solution="*|x64" Project="x64" />
      <Platform Solution="*|x86" Project="x86" />
    </Project>
  </Folder>
  <Folder Name="/Infrastructures/">
    <Project Path="src/CodeWF.Controls/CodeWF.Controls.csproj">
      <Platform Solution="*|x64" Project="x64" />
      <Platform Solution="*|x86" Project="x86" />
    </Project>
    <Project Path="src/CodeWF.Core/CodeWF.Core.csproj">
      <Platform Solution="*|x64" Project="x64" />
      <Platform Solution="*|x86" Project="x86" />
    </Project>
  </Folder>
  <Folder Name="/Modules/">
    <Project Path="src/CodeWF.Modules.AI/CodeWF.Modules.AI.csproj">
      <Platform Solution="*|x64" Project="x64" />
      <Platform Solution="*|x86" Project="x86" />
    </Project>
    <Project Path="src/CodeWF.Modules.Converter/CodeWF.Modules.Converter.csproj">
      <Platform Solution="*|x64" Project="x64" />
      <Platform Solution="*|x86" Project="x86" />
    </Project>
    <Project Path="src/CodeWF.Modules.Development/CodeWF.Modules.Development.csproj">
      <Platform Solution="*|x64" Project="x64" />
      <Platform Solution="*|x86" Project="x86" />
    </Project>
    <Project Path="src/CodeWF.Modules.LogViewer/CodeWF.Modules.LogViewer.csproj">
      <Platform Solution="*|x64" Project="x64" />
      <Platform Solution="*|x86" Project="x86" />
    </Project>
    <Project Path="src/CodeWF.Modules.XmlTranslatorManager/CodeWF.Modules.XmlTranslatorManager.csproj">
      <Platform Solution="*|x64" Project="x64" />
      <Platform Solution="*|x86" Project="x86" />
    </Project>
  </Folder>
  <Folder Name="/Solution Items/">
    <File Path=".gitignore" />
    <File Path="Directory.Build.props" />
    <File Path="publish.bat" />
    <File Path="README-zh_CN.md" />
    <File Path="README.md" />
    <File Path="docs/README.zh-CN.md" />
    <File Path="docs/README.md" />
    <File Path="docs/assets/architecture.svg" />
    <File Path="docs/assets/module-lifecycle.svg" />
    <File Path="UpdateAssemblyVersion.ps1" />
    <File Path="UpdateLog.md" />
  </Folder>
</Solution>
