
Microsoft Visual Studio Solution File, Format Version 12.00
# Visual Studio Version 17
VisualStudioVersion = 17.10.34607.79
MinimumVisualStudioVersion = 10.0.40219.1
Project("{2150E333-8FDC-42A3-9474-1A3956D46DE8}") = "Solution Items", "Solution Items", "{6163DCF7-1166-476F-AF4F-6A5B723F6085}"
	ProjectSection(SolutionItems) = preProject
		.editorconfig = .editorconfig
		..\README.md = ..\README.md
	EndProjectSection
EndProject
Project("{2150E333-8FDC-42A3-9474-1A3956D46DE8}") = "Applications", "Applications", "{844ACF80-B54A-4FDA-B6D6-00C3CC921508}"
EndProject
Project("{9A19103F-16F7-4668-BE54-9A1E7A4F7556}") = "CodeWF.Tools.Desktop", "CodeWF.Tools.Desktop\CodeWF.Tools.Desktop.csproj", "{C42BC0DE-AC63-4C94-A45A-BFA788C800DC}"
EndProject
Project("{2150E333-8FDC-42A3-9474-1A3956D46DE8}") = "Tests", "Tests", "{C7F43DE4-2C2F-4DE6-94CA-DBEEBC363BAF}"
EndProject
Global
	GlobalSection(SolutionConfigurationPlatforms) = preSolution
		Debug|Any CPU = Debug|Any CPU
		Release|Any CPU = Release|Any CPU
	EndGlobalSection
	GlobalSection(ProjectConfigurationPlatforms) = postSolution
		{C42BC0DE-AC63-4C94-A45A-BFA788C800DC}.Debug|Any CPU.ActiveCfg = Debug|Any CPU
		{C42BC0DE-AC63-4C94-A45A-BFA788C800DC}.Debug|Any CPU.Build.0 = Debug|Any CPU
		{C42BC0DE-AC63-4C94-A45A-BFA788C800DC}.Release|Any CPU.ActiveCfg = Release|Any CPU
		{C42BC0DE-AC63-4C94-A45A-BFA788C800DC}.Release|Any CPU.Build.0 = Release|Any CPU
	EndGlobalSection
	GlobalSection(SolutionProperties) = preSolution
		HideSolutionNode = FALSE
	EndGlobalSection
	GlobalSection(NestedProjects) = preSolution
		{C42BC0DE-AC63-4C94-A45A-BFA788C800DC} = {844ACF80-B54A-4FDA-B6D6-00C3CC921508}
	EndGlobalSection
	GlobalSection(ExtensibilityGlobals) = postSolution
		SolutionGuid = {47147C4F-8BF8-4E62-82C5-A5B969940F69}
	EndGlobalSection
EndGlobal
