
Microsoft Visual Studio Solution File, Format Version 12.00
# Visual Studio Version 17
VisualStudioVersion = 17.5.002.0
MinimumVisualStudioVersion = 10.0.40219.1
Project("{9A19103F-16F7-4668-BE54-9A1E7A4F7556}") = "CodeWF.Core", "CodeWF.Core\CodeWF.Core.csproj", "{80846957-9162-47D3-A982-B9D7736DE86C}"
EndProject
Project("{9A19103F-16F7-4668-BE54-9A1E7A4F7556}") = "CodeWF - Backup.Modules.AI", "CodeWF.Modules.AI\CodeWF - Backup.Modules.AI.csproj", "{4C23373F-1E67-4763-A282-8ED76993BE4C}"
EndProject
Project("{9A19103F-16F7-4668-BE54-9A1E7A4F7556}") = "CodeWF.Modules.AI", "CodeWF.Modules.AI\CodeWF.Modules.AI.csproj", "{461574CD-1EFA-4441-A55E-DBF74FDDF261}"
EndProject
Project("{9A19103F-16F7-4668-BE54-9A1E7A4F7556}") = "CodeWF.Modules.Converter", "CodeWF.Modules.Converter\CodeWF.Modules.Converter.csproj", "{4A6A2840-CDC0-4272-99B6-D42C84793DD2}"
EndProject
Project("{9A19103F-16F7-4668-BE54-9A1E7A4F7556}") = "CodeWF.Modules.Development", "CodeWF.Modules.Development\CodeWF.Modules.Development.csproj", "{8ACB0780-C764-43CF-9E98-C073C307BB3A}"
EndProject
Project("{9A19103F-16F7-4668-BE54-9A1E7A4F7556}") = "CodeWF.Toolbox", "CodeWF.Toolbox\CodeWF.Toolbox.csproj", "{433F6983-7709-4AEB-9E84-8D6263020768}"
EndProject
Project("{9A19103F-16F7-4668-BE54-9A1E7A4F7556}") = "CodeWF.Toolbox.Desktop", "CodeWF.Toolbox.Desktop\CodeWF.Toolbox.Desktop.csproj", "{E28F203D-FFDC-44CC-9E8F-3A438C843B4F}"
EndProject
Project("{9A19103F-16F7-4668-BE54-9A1E7A4F7556}") = "CodeWF.ViewModels", "CodeWF.ViewModels\CodeWF.ViewModels.csproj", "{316EC19C-A28A-412E-9A1E-F0F7A74DDA5F}"
EndProject
Global
	GlobalSection(SolutionConfigurationPlatforms) = preSolution
		Debug|Any CPU = Debug|Any CPU
		Release|Any CPU = Release|Any CPU
	EndGlobalSection
	GlobalSection(ProjectConfigurationPlatforms) = postSolution
		{80846957-9162-47D3-A982-B9D7736DE86C}.Debug|Any CPU.ActiveCfg = Debug|Any CPU
		{80846957-9162-47D3-A982-B9D7736DE86C}.Debug|Any CPU.Build.0 = Debug|Any CPU
		{80846957-9162-47D3-A982-B9D7736DE86C}.Release|Any CPU.ActiveCfg = Release|Any CPU
		{80846957-9162-47D3-A982-B9D7736DE86C}.Release|Any CPU.Build.0 = Release|Any CPU
		{4C23373F-1E67-4763-A282-8ED76993BE4C}.Debug|Any CPU.ActiveCfg = Debug|Any CPU
		{4C23373F-1E67-4763-A282-8ED76993BE4C}.Debug|Any CPU.Build.0 = Debug|Any CPU
		{4C23373F-1E67-4763-A282-8ED76993BE4C}.Release|Any CPU.ActiveCfg = Release|Any CPU
		{4C23373F-1E67-4763-A282-8ED76993BE4C}.Release|Any CPU.Build.0 = Release|Any CPU
		{461574CD-1EFA-4441-A55E-DBF74FDDF261}.Debug|Any CPU.ActiveCfg = Debug|Any CPU
		{461574CD-1EFA-4441-A55E-DBF74FDDF261}.Debug|Any CPU.Build.0 = Debug|Any CPU
		{461574CD-1EFA-4441-A55E-DBF74FDDF261}.Release|Any CPU.ActiveCfg = Release|Any CPU
		{461574CD-1EFA-4441-A55E-DBF74FDDF261}.Release|Any CPU.Build.0 = Release|Any CPU
		{4A6A2840-CDC0-4272-99B6-D42C84793DD2}.Debug|Any CPU.ActiveCfg = Debug|Any CPU
		{4A6A2840-CDC0-4272-99B6-D42C84793DD2}.Debug|Any CPU.Build.0 = Debug|Any CPU
		{4A6A2840-CDC0-4272-99B6-D42C84793DD2}.Release|Any CPU.ActiveCfg = Release|Any CPU
		{4A6A2840-CDC0-4272-99B6-D42C84793DD2}.Release|Any CPU.Build.0 = Release|Any CPU
		{8ACB0780-C764-43CF-9E98-C073C307BB3A}.Debug|Any CPU.ActiveCfg = Debug|Any CPU
		{8ACB0780-C764-43CF-9E98-C073C307BB3A}.Debug|Any CPU.Build.0 = Debug|Any CPU
		{8ACB0780-C764-43CF-9E98-C073C307BB3A}.Release|Any CPU.ActiveCfg = Release|Any CPU
		{8ACB0780-C764-43CF-9E98-C073C307BB3A}.Release|Any CPU.Build.0 = Release|Any CPU
		{433F6983-7709-4AEB-9E84-8D6263020768}.Debug|Any CPU.ActiveCfg = Debug|Any CPU
		{433F6983-7709-4AEB-9E84-8D6263020768}.Debug|Any CPU.Build.0 = Debug|Any CPU
		{433F6983-7709-4AEB-9E84-8D6263020768}.Release|Any CPU.ActiveCfg = Release|Any CPU
		{433F6983-7709-4AEB-9E84-8D6263020768}.Release|Any CPU.Build.0 = Release|Any CPU
		{E28F203D-FFDC-44CC-9E8F-3A438C843B4F}.Debug|Any CPU.ActiveCfg = Debug|Any CPU
		{E28F203D-FFDC-44CC-9E8F-3A438C843B4F}.Debug|Any CPU.Build.0 = Debug|Any CPU
		{E28F203D-FFDC-44CC-9E8F-3A438C843B4F}.Release|Any CPU.ActiveCfg = Release|Any CPU
		{E28F203D-FFDC-44CC-9E8F-3A438C843B4F}.Release|Any CPU.Build.0 = Release|Any CPU
		{316EC19C-A28A-412E-9A1E-F0F7A74DDA5F}.Debug|Any CPU.ActiveCfg = Debug|Any CPU
		{316EC19C-A28A-412E-9A1E-F0F7A74DDA5F}.Debug|Any CPU.Build.0 = Debug|Any CPU
		{316EC19C-A28A-412E-9A1E-F0F7A74DDA5F}.Release|Any CPU.ActiveCfg = Release|Any CPU
		{316EC19C-A28A-412E-9A1E-F0F7A74DDA5F}.Release|Any CPU.Build.0 = Release|Any CPU
	EndGlobalSection
	GlobalSection(SolutionProperties) = preSolution
		HideSolutionNode = FALSE
	EndGlobalSection
	GlobalSection(ExtensibilityGlobals) = postSolution
		SolutionGuid = {62E35BD0-C29C-4438-A8C3-DD601A628DB8}
	EndGlobalSection
EndGlobal
